
Microsoft Visual Studio Solution File, Format Version 12.00
# Visual Studio Version 17
VisualStudioVersion = 17.11.35312.102
MinimumVisualStudioVersion = 10.0.40219.1
Project("{8BC9CEB8-8B4A-11D0-8D11-00A0C91BC942}") = "decision-tree", "decision-tree.vcxproj", "{B20CCE35-A414-4B9C-9C59-E0AE2B24BB77}"
EndProject
Global
	GlobalSection(SolutionConfigurationPlatforms) = preSolution
		Debug|x64 = Debug|x64
		Debug|x86 = Debug|x86
		Release (No OpenMP)|x64 = Release (No OpenMP)|x64
		Release (No OpenMP)|x86 = Release (No OpenMP)|x86
		Release|x64 = Release|x64
		Release|x86 = Release|x86
	EndGlobalSection
	GlobalSection(ProjectConfigurationPlatforms) = postSolution
		{B20CCE35-A414-4B9C-9C59-E0AE2B24BB77}.Debug|x64.ActiveCfg = Debug|x64
		{B20CCE35-A414-4B9C-9C59-E0AE2B24BB77}.Debug|x64.Build.0 = Debug|x64
		{B20CCE35-A414-4B9C-9C59-E0AE2B24BB77}.Debug|x86.ActiveCfg = Debug|Win32
		{B20CCE35-A414-4B9C-9C59-E0AE2B24BB77}.Debug|x86.Build.0 = Debug|Win32
		{B20CCE35-A414-4B9C-9C59-E0AE2B24BB77}.Release (No OpenMP)|x64.ActiveCfg = Release (No OpenMP)|x64
		{B20CCE35-A414-4B9C-9C59-E0AE2B24BB77}.Release (No OpenMP)|x64.Build.0 = Release (No OpenMP)|x64
		{B20CCE35-A414-4B9C-9C59-E0AE2B24BB77}.Release (No OpenMP)|x86.ActiveCfg = Release (No OpenMP)|Win32
		{B20CCE35-A414-4B9C-9C59-E0AE2B24BB77}.Release (No OpenMP)|x86.Build.0 = Release (No OpenMP)|Win32
		{B20CCE35-A414-4B9C-9C59-E0AE2B24BB77}.Release|x64.ActiveCfg = Release|x64
		{B20CCE35-A414-4B9C-9C59-E0AE2B24BB77}.Release|x64.Build.0 = Release|x64
		{B20CCE35-A414-4B9C-9C59-E0AE2B24BB77}.Release|x86.ActiveCfg = Release|Win32
		{B20CCE35-A414-4B9C-9C59-E0AE2B24BB77}.Release|x86.Build.0 = Release|Win32
	EndGlobalSection
	GlobalSection(SolutionProperties) = preSolution
		HideSolutionNode = FALSE
	EndGlobalSection
	GlobalSection(ExtensibilityGlobals) = postSolution
		SolutionGuid = {944004DA-A5F3-403E-9513-A54F01F83546}
	EndGlobalSection
EndGlobal
